
Microsoft Visual Studio Solution File, Format Version 12.00
# Visual Studio 14
VisualStudioVersion = 14.0.25420.1
MinimumVisualStudioVersion = 10.0.40219.1
Project("{2150E333-8FDC-42A3-9474-1A3956D46DE8}") = "01 Infrastructures", "01 Infrastructures", "{AF869DFE-7C99-4E43-9BC4-CD9D7DBA66DE}"
EndProject
Project("{2150E333-8FDC-42A3-9474-1A3956D46DE8}") = "02 Domains", "02 Domains", "{30F74C0C-8BF2-4BD3-ABDA-DFA795B79220}"
EndProject
Project("{2150E333-8FDC-42A3-9474-1A3956D46DE8}") = "03 Applications", "03 Applications", "{107FDD6D-9728-4835-B0C4-7DBAFF13D7AB}"
EndProject
Project("{FAE04EC0-301F-11D3-BF4B-00C04F79EFBC}") = "API.Kraken", "01 Infrastructures\API.Kraken\API.Kraken.csproj", "{6FD7A9D6-CE6D-4B57-BEBB-FAAF2490811E}"
EndProject
Project("{FAE04EC0-301F-11D3-BF4B-00C04F79EFBC}") = "DAL.DataBase", "01 Infrastructures\DAL.DataBase\DAL.DataBase.csproj", "{9EB340A7-C20C-4174-B693-F850569276D3}"
EndProject
Project("{FAE04EC0-301F-11D3-BF4B-00C04F79EFBC}") = "TestCase", "TestCase\TestCase.csproj", "{2B5CA74D-B721-43BA-AA09-3C70089F90A9}"
EndProject
Project("{2150E333-8FDC-42A3-9474-1A3956D46DE8}") = "04 Presentation", "04 Presentation", "{4ED1A2CA-A759-4467-A8FD-103A86DE02B1}"
EndProject
Project("{FAE04EC0-301F-11D3-BF4B-00C04F79EFBC}") = "API.Exchange", "01 Infrastructures\API.Exchange\API.Exchange.csproj", "{D69D7410-A76E-47C7-8292-4680F82A048A}"
EndProject
Project("{FAE04EC0-301F-11D3-BF4B-00C04F79EFBC}") = "Domain.Common", "02 Domains\Domain.Common\Domain.Common.csproj", "{6630CD45-9E7F-41FE-ADEE-A5EE625E5799}"
EndProject
Project("{FAE04EC0-301F-11D3-BF4B-00C04F79EFBC}") = "Domain.Exchange.Rate", "02 Domains\Domain.Exchange.Rate\Domain.Exchange.Rate.csproj", "{AB79694E-5E90-4693-B753-152F799CE7A9}"
EndProject
Project("{FAE04EC0-301F-11D3-BF4B-00C04F79EFBC}") = "Applications.Server", "03 Applications\Application.Server\Applications.Server.csproj", "{BCD85DA5-7562-49CE-A5E5-F908F0976793}"
EndProject
Project("{FAE04EC0-301F-11D3-BF4B-00C04F79EFBC}") = "Domain.Kraken", "02 Domains\Domain.Kraken\Domain.Kraken.csproj", "{605FB6BB-35EA-4B74-B17D-F56A98F7D91E}"
EndProject
Project("{FAE04EC0-301F-11D3-BF4B-00C04F79EFBC}") = "KrakenClient", "04 Presentation\KrakenClient\KrakenClient.csproj", "{2EE3B165-59AC-41ED-8CF9-C08736990B00}"
EndProject
Global
	GlobalSection(SolutionConfigurationPlatforms) = preSolution
		Debug|Any CPU = Debug|Any CPU
		Release|Any CPU = Release|Any CPU
	EndGlobalSection
	GlobalSection(ProjectConfigurationPlatforms) = postSolution
		{6FD7A9D6-CE6D-4B57-BEBB-FAAF2490811E}.Debug|Any CPU.ActiveCfg = Debug|Any CPU
		{6FD7A9D6-CE6D-4B57-BEBB-FAAF2490811E}.Debug|Any CPU.Build.0 = Debug|Any CPU
		{6FD7A9D6-CE6D-4B57-BEBB-FAAF2490811E}.Release|Any CPU.ActiveCfg = Release|Any CPU
		{6FD7A9D6-CE6D-4B57-BEBB-FAAF2490811E}.Release|Any CPU.Build.0 = Release|Any CPU
		{9EB340A7-C20C-4174-B693-F850569276D3}.Debug|Any CPU.ActiveCfg = Debug|Any CPU
		{9EB340A7-C20C-4174-B693-F850569276D3}.Debug|Any CPU.Build.0 = Debug|Any CPU
		{9EB340A7-C20C-4174-B693-F850569276D3}.Release|Any CPU.ActiveCfg = Release|Any CPU
		{9EB340A7-C20C-4174-B693-F850569276D3}.Release|Any CPU.Build.0 = Release|Any CPU
		{2B5CA74D-B721-43BA-AA09-3C70089F90A9}.Debug|Any CPU.ActiveCfg = Debug|Any CPU
		{2B5CA74D-B721-43BA-AA09-3C70089F90A9}.Debug|Any CPU.Build.0 = Debug|Any CPU
		{2B5CA74D-B721-43BA-AA09-3C70089F90A9}.Release|Any CPU.ActiveCfg = Release|Any CPU
		{2B5CA74D-B721-43BA-AA09-3C70089F90A9}.Release|Any CPU.Build.0 = Release|Any CPU
		{D69D7410-A76E-47C7-8292-4680F82A048A}.Debug|Any CPU.ActiveCfg = Debug|Any CPU
		{D69D7410-A76E-47C7-8292-4680F82A048A}.Debug|Any CPU.Build.0 = Debug|Any CPU
		{D69D7410-A76E-47C7-8292-4680F82A048A}.Release|Any CPU.ActiveCfg = Release|Any CPU
		{D69D7410-A76E-47C7-8292-4680F82A048A}.Release|Any CPU.Build.0 = Release|Any CPU
		{6630CD45-9E7F-41FE-ADEE-A5EE625E5799}.Debug|Any CPU.ActiveCfg = Debug|Any CPU
		{6630CD45-9E7F-41FE-ADEE-A5EE625E5799}.Debug|Any CPU.Build.0 = Debug|Any CPU
		{6630CD45-9E7F-41FE-ADEE-A5EE625E5799}.Release|Any CPU.ActiveCfg = Release|Any CPU
		{6630CD45-9E7F-41FE-ADEE-A5EE625E5799}.Release|Any CPU.Build.0 = Release|Any CPU
		{AB79694E-5E90-4693-B753-152F799CE7A9}.Debug|Any CPU.ActiveCfg = Debug|Any CPU
		{AB79694E-5E90-4693-B753-152F799CE7A9}.Debug|Any CPU.Build.0 = Debug|Any CPU
		{AB79694E-5E90-4693-B753-152F799CE7A9}.Release|Any CPU.ActiveCfg = Release|Any CPU
		{AB79694E-5E90-4693-B753-152F799CE7A9}.Release|Any CPU.Build.0 = Release|Any CPU
		{BCD85DA5-7562-49CE-A5E5-F908F0976793}.Debug|Any CPU.ActiveCfg = Debug|Any CPU
		{BCD85DA5-7562-49CE-A5E5-F908F0976793}.Debug|Any CPU.Build.0 = Debug|Any CPU
		{BCD85DA5-7562-49CE-A5E5-F908F0976793}.Release|Any CPU.ActiveCfg = Release|Any CPU
		{BCD85DA5-7562-49CE-A5E5-F908F0976793}.Release|Any CPU.Build.0 = Release|Any CPU
		{605FB6BB-35EA-4B74-B17D-F56A98F7D91E}.Debug|Any CPU.ActiveCfg = Debug|Any CPU
		{605FB6BB-35EA-4B74-B17D-F56A98F7D91E}.Debug|Any CPU.Build.0 = Debug|Any CPU
		{605FB6BB-35EA-4B74-B17D-F56A98F7D91E}.Release|Any CPU.ActiveCfg = Release|Any CPU
		{605FB6BB-35EA-4B74-B17D-F56A98F7D91E}.Release|Any CPU.Build.0 = Release|Any CPU
		{2EE3B165-59AC-41ED-8CF9-C08736990B00}.Debug|Any CPU.ActiveCfg = Debug|Any CPU
		{2EE3B165-59AC-41ED-8CF9-C08736990B00}.Debug|Any CPU.Build.0 = Debug|Any CPU
		{2EE3B165-59AC-41ED-8CF9-C08736990B00}.Release|Any CPU.ActiveCfg = Release|Any CPU
		{2EE3B165-59AC-41ED-8CF9-C08736990B00}.Release|Any CPU.Build.0 = Release|Any CPU
	EndGlobalSection
	GlobalSection(SolutionProperties) = preSolution
		HideSolutionNode = FALSE
	EndGlobalSection
	GlobalSection(NestedProjects) = preSolution
		{6FD7A9D6-CE6D-4B57-BEBB-FAAF2490811E} = {AF869DFE-7C99-4E43-9BC4-CD9D7DBA66DE}
		{9EB340A7-C20C-4174-B693-F850569276D3} = {AF869DFE-7C99-4E43-9BC4-CD9D7DBA66DE}
		{D69D7410-A76E-47C7-8292-4680F82A048A} = {AF869DFE-7C99-4E43-9BC4-CD9D7DBA66DE}
		{6630CD45-9E7F-41FE-ADEE-A5EE625E5799} = {30F74C0C-8BF2-4BD3-ABDA-DFA795B79220}
		{AB79694E-5E90-4693-B753-152F799CE7A9} = {30F74C0C-8BF2-4BD3-ABDA-DFA795B79220}
		{BCD85DA5-7562-49CE-A5E5-F908F0976793} = {107FDD6D-9728-4835-B0C4-7DBAFF13D7AB}
		{605FB6BB-35EA-4B74-B17D-F56A98F7D91E} = {30F74C0C-8BF2-4BD3-ABDA-DFA795B79220}
		{2EE3B165-59AC-41ED-8CF9-C08736990B00} = {4ED1A2CA-A759-4467-A8FD-103A86DE02B1}
	EndGlobalSection
	GlobalSection(ExtensibilityGlobals) = postSolution
		SolutionGuid = {0925585F-17E3-4C27-8E8E-CD5E14405205}
	EndGlobalSection
EndGlobal
